
Microsoft Visual Studio Solution File, Format Version 12.00
# Visual Studio Version 16
VisualStudioVersion = 16.0.30011.22
MinimumVisualStudioVersion = 10.0.40219.1
Project("{8BC9CEB8-8B4A-11D0-8D11-00A0C91BC942}") = "迭代，递归与分治搜索案例", "迭代，递归与分治搜索案例\迭代，递归与分治搜索案例.vcxproj", "{B614F0BE-9A0F-47D0-95DB-5309858E10A8}"
EndProject
Global
	GlobalSection(SolutionConfigurationPlatforms) = preSolution
		Debug|x64 = Debug|x64
		Debug|x86 = Debug|x86
		Release|x64 = Release|x64
		Release|x86 = Release|x86
	EndGlobalSection
	GlobalSection(ProjectConfigurationPlatforms) = postSolution
		{B614F0BE-9A0F-47D0-95DB-5309858E10A8}.Debug|x64.ActiveCfg = Debug|x64
		{B614F0BE-9A0F-47D0-95DB-5309858E10A8}.Debug|x64.Build.0 = Debug|x64
		{B614F0BE-9A0F-47D0-95DB-5309858E10A8}.Debug|x86.ActiveCfg = Debug|Win32
		{B614F0BE-9A0F-47D0-95DB-5309858E10A8}.Debug|x86.Build.0 = Debug|Win32
		{B614F0BE-9A0F-47D0-95DB-5309858E10A8}.Release|x64.ActiveCfg = Release|x64
		{B614F0BE-9A0F-47D0-95DB-5309858E10A8}.Release|x64.Build.0 = Release|x64
		{B614F0BE-9A0F-47D0-95DB-5309858E10A8}.Release|x86.ActiveCfg = Release|Win32
		{B614F0BE-9A0F-47D0-95DB-5309858E10A8}.Release|x86.Build.0 = Release|Win32
	EndGlobalSection
	GlobalSection(SolutionProperties) = preSolution
		HideSolutionNode = FALSE
	EndGlobalSection
	GlobalSection(ExtensibilityGlobals) = postSolution
		SolutionGuid = {5E2324E8-F5F9-437D-AC38-E2274A5BE4F4}
	EndGlobalSection
EndGlobal
